
Microsoft Visual Studio Solution File, Format Version 12.00
# Visual Studio 15
VisualStudioVersion = 15.0.26430.15
MinimumVisualStudioVersion = 10.0.40219.1
Project("{FAE04EC0-301F-11D3-BF4B-00C04F79EFBC}") = "01. Library", "01. Library\01. Library.csproj", "{034DBB17-C6F8-4B40-B9C5-A0128362A86D}"
EndProject
Project("{FAE04EC0-301F-11D3-BF4B-00C04F79EFBC}") = "02. LibraryIterator", "02. LibraryIterator\02. LibraryIterator.csproj", "{13D9B757-1F83-4E22-9152-C677DF253141}"
EndProject
Project("{FAE04EC0-301F-11D3-BF4B-00C04F79EFBC}") = "03. ComparableBook", "03. ComparableBook\03. ComparableBook.csproj", "{01F9E2E6-07EB-4B15-860F-253994DB0984}"
EndProject
Project("{FAE04EC0-301F-11D3-BF4B-00C04F79EFBC}") = "04. BookComparator", "04. BookComparator\04. BookComparator.csproj", "{7AAF9767-D2FC-41A4-BB9A-7279CFF6AE72}"
EndProject
Global
	GlobalSection(SolutionConfigurationPlatforms) = preSolution
		Debug|Any CPU = Debug|Any CPU
		Release|Any CPU = Release|Any CPU
	EndGlobalSection
	GlobalSection(ProjectConfigurationPlatforms) = postSolution
		{034DBB17-C6F8-4B40-B9C5-A0128362A86D}.Debug|Any CPU.ActiveCfg = Debug|Any CPU
		{034DBB17-C6F8-4B40-B9C5-A0128362A86D}.Debug|Any CPU.Build.0 = Debug|Any CPU
		{034DBB17-C6F8-4B40-B9C5-A0128362A86D}.Release|Any CPU.ActiveCfg = Release|Any CPU
		{034DBB17-C6F8-4B40-B9C5-A0128362A86D}.Release|Any CPU.Build.0 = Release|Any CPU
		{13D9B757-1F83-4E22-9152-C677DF253141}.Debug|Any CPU.ActiveCfg = Debug|Any CPU
		{13D9B757-1F83-4E22-9152-C677DF253141}.Debug|Any CPU.Build.0 = Debug|Any CPU
		{13D9B757-1F83-4E22-9152-C677DF253141}.Release|Any CPU.ActiveCfg = Release|Any CPU
		{13D9B757-1F83-4E22-9152-C677DF253141}.Release|Any CPU.Build.0 = Release|Any CPU
		{01F9E2E6-07EB-4B15-860F-253994DB0984}.Debug|Any CPU.ActiveCfg = Debug|Any CPU
		{01F9E2E6-07EB-4B15-860F-253994DB0984}.Debug|Any CPU.Build.0 = Debug|Any CPU
		{01F9E2E6-07EB-4B15-860F-253994DB0984}.Release|Any CPU.ActiveCfg = Release|Any CPU
		{01F9E2E6-07EB-4B15-860F-253994DB0984}.Release|Any CPU.Build.0 = Release|Any CPU
		{7AAF9767-D2FC-41A4-BB9A-7279CFF6AE72}.Debug|Any CPU.ActiveCfg = Debug|Any CPU
		{7AAF9767-D2FC-41A4-BB9A-7279CFF6AE72}.Debug|Any CPU.Build.0 = Debug|Any CPU
		{7AAF9767-D2FC-41A4-BB9A-7279CFF6AE72}.Release|Any CPU.ActiveCfg = Release|Any CPU
		{7AAF9767-D2FC-41A4-BB9A-7279CFF6AE72}.Release|Any CPU.Build.0 = Release|Any CPU
	EndGlobalSection
	GlobalSection(SolutionProperties) = preSolution
		HideSolutionNode = FALSE
	EndGlobalSection
EndGlobal
