
Microsoft Visual Studio Solution File, Format Version 12.00
# Visual Studio 15
VisualStudioVersion = 15.0.28307.489
MinimumVisualStudioVersion = 10.0.40219.1
Project("{FAE04EC0-301F-11D3-BF4B-00C04F79EFBC}") = "CarTrip", "CarTrip\CarTrip.csproj", "{D19A0E84-6D59-4587-9750-F41FEE2F7FA3}"
EndProject
Global
	GlobalSection(SolutionConfigurationPlatforms) = preSolution
		Debug|Any CPU = Debug|Any CPU
		Release|Any CPU = Release|Any CPU
	EndGlobalSection
	GlobalSection(ProjectConfigurationPlatforms) = postSolution
		{D19A0E84-6D59-4587-9750-F41FEE2F7FA3}.Debug|Any CPU.ActiveCfg = Debug|Any CPU
		{D19A0E84-6D59-4587-9750-F41FEE2F7FA3}.Debug|Any CPU.Build.0 = Debug|Any CPU
		{D19A0E84-6D59-4587-9750-F41FEE2F7FA3}.Release|Any CPU.ActiveCfg = Release|Any CPU
		{D19A0E84-6D59-4587-9750-F41FEE2F7FA3}.Release|Any CPU.Build.0 = Release|Any CPU
	EndGlobalSection
	GlobalSection(SolutionProperties) = preSolution
		HideSolutionNode = FALSE
	EndGlobalSection
	GlobalSection(ExtensibilityGlobals) = postSolution
		SolutionGuid = {879B17FA-B694-4FF5-8F49-96C71E0D9197}
	EndGlobalSection
EndGlobal
