
Microsoft Visual Studio Solution File, Format Version 12.00
# Visual Studio Version 16
VisualStudioVersion = 16.0.29102.190
MinimumVisualStudioVersion = 10.0.40219.1
Project("{9A19103F-16F7-4668-BE54-9A1E7A4F7556}") = "SoftUniRestaurant", "SoftUniRestaurant.csproj", "{EB4CFBE5-28D3-409A-A3C9-126092D56D0A}"
EndProject
Global
	GlobalSection(SolutionConfigurationPlatforms) = preSolution
		Debug|Any CPU = Debug|Any CPU
		Release|Any CPU = Release|Any CPU
	EndGlobalSection
	GlobalSection(ProjectConfigurationPlatforms) = postSolution
		{EB4CFBE5-28D3-409A-A3C9-126092D56D0A}.Debug|Any CPU.ActiveCfg = Debug|Any CPU
		{EB4CFBE5-28D3-409A-A3C9-126092D56D0A}.Debug|Any CPU.Build.0 = Debug|Any CPU
		{EB4CFBE5-28D3-409A-A3C9-126092D56D0A}.Release|Any CPU.ActiveCfg = Release|Any CPU
		{EB4CFBE5-28D3-409A-A3C9-126092D56D0A}.Release|Any CPU.Build.0 = Release|Any CPU
	EndGlobalSection
	GlobalSection(SolutionProperties) = preSolution
		HideSolutionNode = FALSE
	EndGlobalSection
	GlobalSection(ExtensibilityGlobals) = postSolution
		SolutionGuid = {96D3AB80-38C2-42D1-8AB0-32C66F4CA7E7}
	EndGlobalSection
EndGlobal
