
Microsoft Visual Studio Solution File, Format Version 12.00
# Visual Studio Version 16
VisualStudioVersion = 16.0.29009.5
MinimumVisualStudioVersion = 10.0.40219.1
Project("{9A19103F-16F7-4668-BE54-9A1E7A4F7556}") = "01. RhombusStars", "01. RhombusStars\01. RhombusStars.csproj", "{5A7AF8CD-720D-4DEE-9002-A1112A48EB90}"
EndProject
Project("{FAE04EC0-301F-11D3-BF4B-00C04F79EFBC}") = "02. PointInRectangle", "02. PointInRectangle\02. PointInRectangle.csproj", "{BA348B1A-D900-4E28-AF7D-6E4B40CD138A}"
EndProject
Project("{FAE04EC0-301F-11D3-BF4B-00C04F79EFBC}") = "03. StudentSystem", "03. StudentSystem\03. StudentSystem.csproj", "{AA7E2D0A-B28C-4504-AE06-B22CE5F7697B}"
EndProject
Project("{FAE04EC0-301F-11D3-BF4B-00C04F79EFBC}") = "04. HotelReservation", "04. HotelReservation\04. HotelReservation.csproj", "{2B8BB67A-A150-4FAE-AA8B-2345599C45EC}"
EndProject
Global
	GlobalSection(SolutionConfigurationPlatforms) = preSolution
		Debug|Any CPU = Debug|Any CPU
		Release|Any CPU = Release|Any CPU
	EndGlobalSection
	GlobalSection(ProjectConfigurationPlatforms) = postSolution
		{5A7AF8CD-720D-4DEE-9002-A1112A48EB90}.Debug|Any CPU.ActiveCfg = Debug|Any CPU
		{5A7AF8CD-720D-4DEE-9002-A1112A48EB90}.Debug|Any CPU.Build.0 = Debug|Any CPU
		{5A7AF8CD-720D-4DEE-9002-A1112A48EB90}.Release|Any CPU.ActiveCfg = Release|Any CPU
		{5A7AF8CD-720D-4DEE-9002-A1112A48EB90}.Release|Any CPU.Build.0 = Release|Any CPU
		{BA348B1A-D900-4E28-AF7D-6E4B40CD138A}.Debug|Any CPU.ActiveCfg = Debug|Any CPU
		{BA348B1A-D900-4E28-AF7D-6E4B40CD138A}.Debug|Any CPU.Build.0 = Debug|Any CPU
		{BA348B1A-D900-4E28-AF7D-6E4B40CD138A}.Release|Any CPU.ActiveCfg = Release|Any CPU
		{BA348B1A-D900-4E28-AF7D-6E4B40CD138A}.Release|Any CPU.Build.0 = Release|Any CPU
		{AA7E2D0A-B28C-4504-AE06-B22CE5F7697B}.Debug|Any CPU.ActiveCfg = Debug|Any CPU
		{AA7E2D0A-B28C-4504-AE06-B22CE5F7697B}.Debug|Any CPU.Build.0 = Debug|Any CPU
		{AA7E2D0A-B28C-4504-AE06-B22CE5F7697B}.Release|Any CPU.ActiveCfg = Release|Any CPU
		{AA7E2D0A-B28C-4504-AE06-B22CE5F7697B}.Release|Any CPU.Build.0 = Release|Any CPU
		{2B8BB67A-A150-4FAE-AA8B-2345599C45EC}.Debug|Any CPU.ActiveCfg = Debug|Any CPU
		{2B8BB67A-A150-4FAE-AA8B-2345599C45EC}.Debug|Any CPU.Build.0 = Debug|Any CPU
		{2B8BB67A-A150-4FAE-AA8B-2345599C45EC}.Release|Any CPU.ActiveCfg = Release|Any CPU
		{2B8BB67A-A150-4FAE-AA8B-2345599C45EC}.Release|Any CPU.Build.0 = Release|Any CPU
	EndGlobalSection
	GlobalSection(SolutionProperties) = preSolution
		HideSolutionNode = FALSE
	EndGlobalSection
	GlobalSection(ExtensibilityGlobals) = postSolution
		SolutionGuid = {78F80E06-430D-4E40-A240-183B73673514}
	EndGlobalSection
EndGlobal
