
Microsoft Visual Studio Solution File, Format Version 12.00
# Visual Studio Version 16
VisualStudioVersion = 16.0.28922.388
MinimumVisualStudioVersion = 10.0.40219.1
Project("{FAE04EC0-301F-11D3-BF4B-00C04F79EFBC}") = "AquariumAdventure", "AquariumAdventure\AquariumAdventure.csproj", "{B1A51849-C27C-49C1-BD9A-386FA26EE64C}"
EndProject
Global
	GlobalSection(SolutionConfigurationPlatforms) = preSolution
		Debug|Any CPU = Debug|Any CPU
		Release|Any CPU = Release|Any CPU
	EndGlobalSection
	GlobalSection(ProjectConfigurationPlatforms) = postSolution
		{B1A51849-C27C-49C1-BD9A-386FA26EE64C}.Debug|Any CPU.ActiveCfg = Debug|Any CPU
		{B1A51849-C27C-49C1-BD9A-386FA26EE64C}.Debug|Any CPU.Build.0 = Debug|Any CPU
		{B1A51849-C27C-49C1-BD9A-386FA26EE64C}.Release|Any CPU.ActiveCfg = Release|Any CPU
		{B1A51849-C27C-49C1-BD9A-386FA26EE64C}.Release|Any CPU.Build.0 = Release|Any CPU
	EndGlobalSection
	GlobalSection(SolutionProperties) = preSolution
		HideSolutionNode = FALSE
	EndGlobalSection
	GlobalSection(ExtensibilityGlobals) = postSolution
		SolutionGuid = {27DB107E-3F83-4143-9DA0-8B62F041D7A1}
	EndGlobalSection
EndGlobal
