
Microsoft Visual Studio Solution File, Format Version 12.00
# Visual Studio Version 16
VisualStudioVersion = 16.0.28922.388
MinimumVisualStudioVersion = 10.0.40219.1
Project("{FAE04EC0-301F-11D3-BF4B-00C04F79EFBC}") = "TheRace", "TheRace\TheRace.csproj", "{9404C7AC-3309-42F4-BAC3-EEDF45F824C5}"
EndProject
Project("{FAE04EC0-301F-11D3-BF4B-00C04F79EFBC}") = "TheRace.Tests", "TheRace.Tests\TheRace.Tests.csproj", "{42719488-AD6B-48B7-ACCC-194200677A8F}"
EndProject
Global
	GlobalSection(SolutionConfigurationPlatforms) = preSolution
		Debug|Any CPU = Debug|Any CPU
		Release|Any CPU = Release|Any CPU
	EndGlobalSection
	GlobalSection(ProjectConfigurationPlatforms) = postSolution
		{9404C7AC-3309-42F4-BAC3-EEDF45F824C5}.Debug|Any CPU.ActiveCfg = Debug|Any CPU
		{9404C7AC-3309-42F4-BAC3-EEDF45F824C5}.Debug|Any CPU.Build.0 = Debug|Any CPU
		{9404C7AC-3309-42F4-BAC3-EEDF45F824C5}.Release|Any CPU.ActiveCfg = Release|Any CPU
		{9404C7AC-3309-42F4-BAC3-EEDF45F824C5}.Release|Any CPU.Build.0 = Release|Any CPU
		{42719488-AD6B-48B7-ACCC-194200677A8F}.Debug|Any CPU.ActiveCfg = Debug|Any CPU
		{42719488-AD6B-48B7-ACCC-194200677A8F}.Debug|Any CPU.Build.0 = Debug|Any CPU
		{42719488-AD6B-48B7-ACCC-194200677A8F}.Release|Any CPU.ActiveCfg = Release|Any CPU
		{42719488-AD6B-48B7-ACCC-194200677A8F}.Release|Any CPU.Build.0 = Release|Any CPU
	EndGlobalSection
	GlobalSection(SolutionProperties) = preSolution
		HideSolutionNode = FALSE
	EndGlobalSection
	GlobalSection(ExtensibilityGlobals) = postSolution
		SolutionGuid = {52CEA437-A164-4137-95DD-514EF464CEE8}
	EndGlobalSection
EndGlobal
