
Microsoft Visual Studio Solution File, Format Version 12.00
# Visual Studio Version 16
VisualStudioVersion = 16.0.29102.190
MinimumVisualStudioVersion = 10.0.40219.1
Project("{9A19103F-16F7-4668-BE54-9A1E7A4F7556}") = "SoftUniRestaurant", "SoftUniRestaurant.csproj", "{33D95E9A-42C9-4D82-BF7C-1539E2A9EC39}"
EndProject
Global
	GlobalSection(SolutionConfigurationPlatforms) = preSolution
		Debug|Any CPU = Debug|Any CPU
		Release|Any CPU = Release|Any CPU
	EndGlobalSection
	GlobalSection(ProjectConfigurationPlatforms) = postSolution
		{33D95E9A-42C9-4D82-BF7C-1539E2A9EC39}.Debug|Any CPU.ActiveCfg = Debug|Any CPU
		{33D95E9A-42C9-4D82-BF7C-1539E2A9EC39}.Debug|Any CPU.Build.0 = Debug|Any CPU
		{33D95E9A-42C9-4D82-BF7C-1539E2A9EC39}.Release|Any CPU.ActiveCfg = Release|Any CPU
		{33D95E9A-42C9-4D82-BF7C-1539E2A9EC39}.Release|Any CPU.Build.0 = Release|Any CPU
	EndGlobalSection
	GlobalSection(SolutionProperties) = preSolution
		HideSolutionNode = FALSE
	EndGlobalSection
	GlobalSection(ExtensibilityGlobals) = postSolution
		SolutionGuid = {0FD884E7-95C5-4AAD-B36E-C435CE66D5A6}
	EndGlobalSection
EndGlobal
