
Microsoft Visual Studio Solution File, Format Version 12.00
# Visual Studio Version 16
VisualStudioVersion = 16.0.28803.452
MinimumVisualStudioVersion = 10.0.40219.1
Project("{FAE04EC0-301F-11D3-BF4B-00C04F79EFBC}") = "01. CountSameValuesInArray", "01. CountSameValuesInArray\01. CountSameValuesInArray.csproj", "{BB8B3C9E-D1B5-4B0E-A735-A07EF9558025}"
EndProject
Project("{FAE04EC0-301F-11D3-BF4B-00C04F79EFBC}") = "02. AverageStudentGrades", "02. AverageStudentGrades\02. AverageStudentGrades.csproj", "{4891CEE2-8DC1-43E2-8FD8-27DF54C44684}"
EndProject
Global
	GlobalSection(SolutionConfigurationPlatforms) = preSolution
		Debug|Any CPU = Debug|Any CPU
		Release|Any CPU = Release|Any CPU
	EndGlobalSection
	GlobalSection(ProjectConfigurationPlatforms) = postSolution
		{BB8B3C9E-D1B5-4B0E-A735-A07EF9558025}.Debug|Any CPU.ActiveCfg = Debug|Any CPU
		{BB8B3C9E-D1B5-4B0E-A735-A07EF9558025}.Debug|Any CPU.Build.0 = Debug|Any CPU
		{BB8B3C9E-D1B5-4B0E-A735-A07EF9558025}.Release|Any CPU.ActiveCfg = Release|Any CPU
		{BB8B3C9E-D1B5-4B0E-A735-A07EF9558025}.Release|Any CPU.Build.0 = Release|Any CPU
		{4891CEE2-8DC1-43E2-8FD8-27DF54C44684}.Debug|Any CPU.ActiveCfg = Debug|Any CPU
		{4891CEE2-8DC1-43E2-8FD8-27DF54C44684}.Debug|Any CPU.Build.0 = Debug|Any CPU
		{4891CEE2-8DC1-43E2-8FD8-27DF54C44684}.Release|Any CPU.ActiveCfg = Release|Any CPU
		{4891CEE2-8DC1-43E2-8FD8-27DF54C44684}.Release|Any CPU.Build.0 = Release|Any CPU
	EndGlobalSection
	GlobalSection(SolutionProperties) = preSolution
		HideSolutionNode = FALSE
	EndGlobalSection
	GlobalSection(ExtensibilityGlobals) = postSolution
		SolutionGuid = {F4217B7A-86B4-497E-A237-DBB318419114}
	EndGlobalSection
EndGlobal
