
Microsoft Visual Studio Solution File, Format Version 12.00
# Visual Studio Version 16
VisualStudioVersion = 16.0.29418.71
MinimumVisualStudioVersion = 10.0.40219.1
Project("{FAE04EC0-301F-11D3-BF4B-00C04F79EFBC}") = "SoftUni", "SoftUni\SoftUni.csproj", "{666643AB-C12E-4138-9AF6-750BBE76C624}"
EndProject
Global
	GlobalSection(SolutionConfigurationPlatforms) = preSolution
		Debug|Any CPU = Debug|Any CPU
		Release|Any CPU = Release|Any CPU
	EndGlobalSection
	GlobalSection(ProjectConfigurationPlatforms) = postSolution
		{666643AB-C12E-4138-9AF6-750BBE76C624}.Debug|Any CPU.ActiveCfg = Debug|Any CPU
		{666643AB-C12E-4138-9AF6-750BBE76C624}.Debug|Any CPU.Build.0 = Debug|Any CPU
		{666643AB-C12E-4138-9AF6-750BBE76C624}.Release|Any CPU.ActiveCfg = Release|Any CPU
		{666643AB-C12E-4138-9AF6-750BBE76C624}.Release|Any CPU.Build.0 = Release|Any CPU
	EndGlobalSection
	GlobalSection(SolutionProperties) = preSolution
		HideSolutionNode = FALSE
	EndGlobalSection
	GlobalSection(ExtensibilityGlobals) = postSolution
		SolutionGuid = {EED4E884-A178-4320-A21F-74B711D6073A}
	EndGlobalSection
EndGlobal
