
Microsoft Visual Studio Solution File, Format Version 12.00
# Visual Studio Version 16
VisualStudioVersion = 16.0.28922.388
MinimumVisualStudioVersion = 10.0.40219.1
Project("{FAE04EC0-301F-11D3-BF4B-00C04F79EFBC}") = "TrojanInvasion", "TrojanInvasion\TrojanInvasion.csproj", "{A32F9173-638A-47F5-B382-40A4BD7ED547}"
EndProject
Project("{FAE04EC0-301F-11D3-BF4B-00C04F79EFBC}") = "HelensAbduction", "HelensAbduction\HelensAbduction.csproj", "{5774E75B-AA36-4626-BE93-1DE4F2447998}"
EndProject
Project("{FAE04EC0-301F-11D3-BF4B-00C04F79EFBC}") = "FightingArena", "FightingArena\FightingArena.csproj", "{B109C478-7473-4702-9F51-AB6CF45CBD8C}"
EndProject
Global
	GlobalSection(SolutionConfigurationPlatforms) = preSolution
		Debug|Any CPU = Debug|Any CPU
		Release|Any CPU = Release|Any CPU
	EndGlobalSection
	GlobalSection(ProjectConfigurationPlatforms) = postSolution
		{A32F9173-638A-47F5-B382-40A4BD7ED547}.Debug|Any CPU.ActiveCfg = Debug|Any CPU
		{A32F9173-638A-47F5-B382-40A4BD7ED547}.Debug|Any CPU.Build.0 = Debug|Any CPU
		{A32F9173-638A-47F5-B382-40A4BD7ED547}.Release|Any CPU.ActiveCfg = Release|Any CPU
		{A32F9173-638A-47F5-B382-40A4BD7ED547}.Release|Any CPU.Build.0 = Release|Any CPU
		{5774E75B-AA36-4626-BE93-1DE4F2447998}.Debug|Any CPU.ActiveCfg = Debug|Any CPU
		{5774E75B-AA36-4626-BE93-1DE4F2447998}.Debug|Any CPU.Build.0 = Debug|Any CPU
		{5774E75B-AA36-4626-BE93-1DE4F2447998}.Release|Any CPU.ActiveCfg = Release|Any CPU
		{5774E75B-AA36-4626-BE93-1DE4F2447998}.Release|Any CPU.Build.0 = Release|Any CPU
		{B109C478-7473-4702-9F51-AB6CF45CBD8C}.Debug|Any CPU.ActiveCfg = Debug|Any CPU
		{B109C478-7473-4702-9F51-AB6CF45CBD8C}.Debug|Any CPU.Build.0 = Debug|Any CPU
		{B109C478-7473-4702-9F51-AB6CF45CBD8C}.Release|Any CPU.ActiveCfg = Release|Any CPU
		{B109C478-7473-4702-9F51-AB6CF45CBD8C}.Release|Any CPU.Build.0 = Release|Any CPU
	EndGlobalSection
	GlobalSection(SolutionProperties) = preSolution
		HideSolutionNode = FALSE
	EndGlobalSection
	GlobalSection(ExtensibilityGlobals) = postSolution
		SolutionGuid = {D809FFCF-6C4B-4C0E-84EB-3F839DD3BE20}
	EndGlobalSection
EndGlobal
