
Microsoft Visual Studio Solution File, Format Version 12.00
# Visual Studio 15
VisualStudioVersion = 15.0.26430.12
MinimumVisualStudioVersion = 10.0.40219.1
Project("{FAE04EC0-301F-11D3-BF4B-00C04F79EFBC}") = "01. MatrixOfPalindromes", "01. MatrixOfPalindromes\01. MatrixOfPalindromes.csproj", "{EC2FDA79-CCDC-4816-B995-82CEB7BC5ADF}"
EndProject
Project("{FAE04EC0-301F-11D3-BF4B-00C04F79EFBC}") = "02. DiagonalDifference", "02. DiagonalDifference\02. DiagonalDifference.csproj", "{3A64E498-E6C0-4EC5-9D23-DB1EBC591347}"
EndProject
Project("{FAE04EC0-301F-11D3-BF4B-00C04F79EFBC}") = "03. SquaresInMatrix", "03. SquaresInMatrix\03. SquaresInMatrix.csproj", "{97F21192-F601-4E76-817F-9CB3DBEDDAE9}"
EndProject
Project("{FAE04EC0-301F-11D3-BF4B-00C04F79EFBC}") = "04. MaximalSum", "04. MaximalSum\04. MaximalSum.csproj", "{D731BD70-75F6-4CC9-8DD7-DC8AD4AF2144}"
EndProject
Project("{FAE04EC0-301F-11D3-BF4B-00C04F79EFBC}") = "05. RubikMatrix", "05. RubikMatrix\05. RubikMatrix.csproj", "{BBC90C10-62AE-4D60-B214-DCB71C56F773}"
EndProject
Project("{FAE04EC0-301F-11D3-BF4B-00C04F79EFBC}") = "06. TargetPractice", "06. TargetPractice\06. TargetPractice.csproj", "{474120C5-895F-4EBC-84E8-3E625AD9B22C}"
EndProject
Project("{FAE04EC0-301F-11D3-BF4B-00C04F79EFBC}") = "07. LegoBlock", "07. LegoBlock\07. LegoBlock.csproj", "{4032C414-5328-4409-8F6F-75057119B1C0}"
EndProject
Project("{FAE04EC0-301F-11D3-BF4B-00C04F79EFBC}") = "08. RadioactiveBunnies", "08. RadioactiveBunnies\08. RadioactiveBunnies.csproj", "{AF0B9850-9D11-4C7C-8E7C-DDC5F57349BF}"
EndProject
Project("{FAE04EC0-301F-11D3-BF4B-00C04F79EFBC}") = "09. CrossFire", "09. CrossFire\09. CrossFire.csproj", "{38E8703C-09F0-4DE9-9EAD-9BC6AED33F0E}"
EndProject
Project("{FAE04EC0-301F-11D3-BF4B-00C04F79EFBC}") = "12. StringMatrixRotations", "12. StringMatrixRotations\12. StringMatrixRotations.csproj", "{FAE1C4B6-6012-41F3-B3C0-1926423D8862}"
EndProject
Project("{FAE04EC0-301F-11D3-BF4B-00C04F79EFBC}") = "11. ParkingSystem", "11. ParkingSystem\11. ParkingSystem.csproj", "{653BED24-792A-47A8-AEE8-0CA92540EE23}"
EndProject
Project("{FAE04EC0-301F-11D3-BF4B-00C04F79EFBC}") = "10. TheHeiganDance", "10. TheHeiganDance\10. TheHeiganDance.csproj", "{B5D3DBB3-FFC2-4FF2-BAC1-7F751E60A5FA}"
EndProject
Global
	GlobalSection(SolutionConfigurationPlatforms) = preSolution
		Debug|Any CPU = Debug|Any CPU
		Release|Any CPU = Release|Any CPU
	EndGlobalSection
	GlobalSection(ProjectConfigurationPlatforms) = postSolution
		{EC2FDA79-CCDC-4816-B995-82CEB7BC5ADF}.Debug|Any CPU.ActiveCfg = Debug|Any CPU
		{EC2FDA79-CCDC-4816-B995-82CEB7BC5ADF}.Debug|Any CPU.Build.0 = Debug|Any CPU
		{EC2FDA79-CCDC-4816-B995-82CEB7BC5ADF}.Release|Any CPU.ActiveCfg = Release|Any CPU
		{EC2FDA79-CCDC-4816-B995-82CEB7BC5ADF}.Release|Any CPU.Build.0 = Release|Any CPU
		{3A64E498-E6C0-4EC5-9D23-DB1EBC591347}.Debug|Any CPU.ActiveCfg = Debug|Any CPU
		{3A64E498-E6C0-4EC5-9D23-DB1EBC591347}.Debug|Any CPU.Build.0 = Debug|Any CPU
		{3A64E498-E6C0-4EC5-9D23-DB1EBC591347}.Release|Any CPU.ActiveCfg = Release|Any CPU
		{3A64E498-E6C0-4EC5-9D23-DB1EBC591347}.Release|Any CPU.Build.0 = Release|Any CPU
		{97F21192-F601-4E76-817F-9CB3DBEDDAE9}.Debug|Any CPU.ActiveCfg = Debug|Any CPU
		{97F21192-F601-4E76-817F-9CB3DBEDDAE9}.Debug|Any CPU.Build.0 = Debug|Any CPU
		{97F21192-F601-4E76-817F-9CB3DBEDDAE9}.Release|Any CPU.ActiveCfg = Release|Any CPU
		{97F21192-F601-4E76-817F-9CB3DBEDDAE9}.Release|Any CPU.Build.0 = Release|Any CPU
		{D731BD70-75F6-4CC9-8DD7-DC8AD4AF2144}.Debug|Any CPU.ActiveCfg = Debug|Any CPU
		{D731BD70-75F6-4CC9-8DD7-DC8AD4AF2144}.Debug|Any CPU.Build.0 = Debug|Any CPU
		{D731BD70-75F6-4CC9-8DD7-DC8AD4AF2144}.Release|Any CPU.ActiveCfg = Release|Any CPU
		{D731BD70-75F6-4CC9-8DD7-DC8AD4AF2144}.Release|Any CPU.Build.0 = Release|Any CPU
		{BBC90C10-62AE-4D60-B214-DCB71C56F773}.Debug|Any CPU.ActiveCfg = Debug|Any CPU
		{BBC90C10-62AE-4D60-B214-DCB71C56F773}.Debug|Any CPU.Build.0 = Debug|Any CPU
		{BBC90C10-62AE-4D60-B214-DCB71C56F773}.Release|Any CPU.ActiveCfg = Release|Any CPU
		{BBC90C10-62AE-4D60-B214-DCB71C56F773}.Release|Any CPU.Build.0 = Release|Any CPU
		{474120C5-895F-4EBC-84E8-3E625AD9B22C}.Debug|Any CPU.ActiveCfg = Debug|Any CPU
		{474120C5-895F-4EBC-84E8-3E625AD9B22C}.Debug|Any CPU.Build.0 = Debug|Any CPU
		{474120C5-895F-4EBC-84E8-3E625AD9B22C}.Release|Any CPU.ActiveCfg = Release|Any CPU
		{474120C5-895F-4EBC-84E8-3E625AD9B22C}.Release|Any CPU.Build.0 = Release|Any CPU
		{4032C414-5328-4409-8F6F-75057119B1C0}.Debug|Any CPU.ActiveCfg = Debug|Any CPU
		{4032C414-5328-4409-8F6F-75057119B1C0}.Debug|Any CPU.Build.0 = Debug|Any CPU
		{4032C414-5328-4409-8F6F-75057119B1C0}.Release|Any CPU.ActiveCfg = Release|Any CPU
		{4032C414-5328-4409-8F6F-75057119B1C0}.Release|Any CPU.Build.0 = Release|Any CPU
		{AF0B9850-9D11-4C7C-8E7C-DDC5F57349BF}.Debug|Any CPU.ActiveCfg = Debug|Any CPU
		{AF0B9850-9D11-4C7C-8E7C-DDC5F57349BF}.Debug|Any CPU.Build.0 = Debug|Any CPU
		{AF0B9850-9D11-4C7C-8E7C-DDC5F57349BF}.Release|Any CPU.ActiveCfg = Release|Any CPU
		{AF0B9850-9D11-4C7C-8E7C-DDC5F57349BF}.Release|Any CPU.Build.0 = Release|Any CPU
		{38E8703C-09F0-4DE9-9EAD-9BC6AED33F0E}.Debug|Any CPU.ActiveCfg = Debug|Any CPU
		{38E8703C-09F0-4DE9-9EAD-9BC6AED33F0E}.Debug|Any CPU.Build.0 = Debug|Any CPU
		{38E8703C-09F0-4DE9-9EAD-9BC6AED33F0E}.Release|Any CPU.ActiveCfg = Release|Any CPU
		{38E8703C-09F0-4DE9-9EAD-9BC6AED33F0E}.Release|Any CPU.Build.0 = Release|Any CPU
		{FAE1C4B6-6012-41F3-B3C0-1926423D8862}.Debug|Any CPU.ActiveCfg = Debug|Any CPU
		{FAE1C4B6-6012-41F3-B3C0-1926423D8862}.Debug|Any CPU.Build.0 = Debug|Any CPU
		{FAE1C4B6-6012-41F3-B3C0-1926423D8862}.Release|Any CPU.ActiveCfg = Release|Any CPU
		{FAE1C4B6-6012-41F3-B3C0-1926423D8862}.Release|Any CPU.Build.0 = Release|Any CPU
		{653BED24-792A-47A8-AEE8-0CA92540EE23}.Debug|Any CPU.ActiveCfg = Debug|Any CPU
		{653BED24-792A-47A8-AEE8-0CA92540EE23}.Debug|Any CPU.Build.0 = Debug|Any CPU
		{653BED24-792A-47A8-AEE8-0CA92540EE23}.Release|Any CPU.ActiveCfg = Release|Any CPU
		{653BED24-792A-47A8-AEE8-0CA92540EE23}.Release|Any CPU.Build.0 = Release|Any CPU
		{B5D3DBB3-FFC2-4FF2-BAC1-7F751E60A5FA}.Debug|Any CPU.ActiveCfg = Debug|Any CPU
		{B5D3DBB3-FFC2-4FF2-BAC1-7F751E60A5FA}.Debug|Any CPU.Build.0 = Debug|Any CPU
		{B5D3DBB3-FFC2-4FF2-BAC1-7F751E60A5FA}.Release|Any CPU.ActiveCfg = Release|Any CPU
		{B5D3DBB3-FFC2-4FF2-BAC1-7F751E60A5FA}.Release|Any CPU.Build.0 = Release|Any CPU
	EndGlobalSection
	GlobalSection(SolutionProperties) = preSolution
		HideSolutionNode = FALSE
	EndGlobalSection
EndGlobal
