
Microsoft Visual Studio Solution File, Format Version 12.00
# Visual Studio Version 16
VisualStudioVersion = 16.0.29009.5
MinimumVisualStudioVersion = 10.0.40219.1
Project("{FAE04EC0-301F-11D3-BF4B-00C04F79EFBC}") = "01. BoxOfT", "01. BoxOfT\01. BoxOfT.csproj", "{743E0FB4-4A97-4C03-9415-E3FDA6713185}"
EndProject
Project("{FAE04EC0-301F-11D3-BF4B-00C04F79EFBC}") = "02. GenericArrayCreator", "02. GenericArrayCreator\02. GenericArrayCreator.csproj", "{770DD8CC-38E7-4883-92DC-6865D817DD8D}"
EndProject
Project("{FAE04EC0-301F-11D3-BF4B-00C04F79EFBC}") = "03. GenericScale", "03. GenericScale\03. GenericScale.csproj", "{AFF2888D-7ACA-4DDC-9DB0-EC4F71E57A50}"
EndProject
Global
	GlobalSection(SolutionConfigurationPlatforms) = preSolution
		Debug|Any CPU = Debug|Any CPU
		Release|Any CPU = Release|Any CPU
	EndGlobalSection
	GlobalSection(ProjectConfigurationPlatforms) = postSolution
		{743E0FB4-4A97-4C03-9415-E3FDA6713185}.Debug|Any CPU.ActiveCfg = Debug|Any CPU
		{743E0FB4-4A97-4C03-9415-E3FDA6713185}.Debug|Any CPU.Build.0 = Debug|Any CPU
		{743E0FB4-4A97-4C03-9415-E3FDA6713185}.Release|Any CPU.ActiveCfg = Release|Any CPU
		{743E0FB4-4A97-4C03-9415-E3FDA6713185}.Release|Any CPU.Build.0 = Release|Any CPU
		{770DD8CC-38E7-4883-92DC-6865D817DD8D}.Debug|Any CPU.ActiveCfg = Debug|Any CPU
		{770DD8CC-38E7-4883-92DC-6865D817DD8D}.Debug|Any CPU.Build.0 = Debug|Any CPU
		{770DD8CC-38E7-4883-92DC-6865D817DD8D}.Release|Any CPU.ActiveCfg = Release|Any CPU
		{770DD8CC-38E7-4883-92DC-6865D817DD8D}.Release|Any CPU.Build.0 = Release|Any CPU
		{AFF2888D-7ACA-4DDC-9DB0-EC4F71E57A50}.Debug|Any CPU.ActiveCfg = Debug|Any CPU
		{AFF2888D-7ACA-4DDC-9DB0-EC4F71E57A50}.Debug|Any CPU.Build.0 = Debug|Any CPU
		{AFF2888D-7ACA-4DDC-9DB0-EC4F71E57A50}.Release|Any CPU.ActiveCfg = Release|Any CPU
		{AFF2888D-7ACA-4DDC-9DB0-EC4F71E57A50}.Release|Any CPU.Build.0 = Release|Any CPU
	EndGlobalSection
	GlobalSection(SolutionProperties) = preSolution
		HideSolutionNode = FALSE
	EndGlobalSection
	GlobalSection(ExtensibilityGlobals) = postSolution
		SolutionGuid = {898F383D-44B3-4E49-81DB-310808433414}
	EndGlobalSection
EndGlobal
