
Microsoft Visual Studio Solution File, Format Version 12.00
# Visual Studio Version 16
VisualStudioVersion = 16.0.29102.190
MinimumVisualStudioVersion = 10.0.40219.1
Project("{FAE04EC0-301F-11D3-BF4B-00C04F79EFBC}") = "HarvestingFields", "HarvestingFields\HarvestingFields.csproj", "{498F3B46-4714-41DF-9E2F-FE3DFD72BD15}"
EndProject
Global
	GlobalSection(SolutionConfigurationPlatforms) = preSolution
		Debug|Any CPU = Debug|Any CPU
		Release|Any CPU = Release|Any CPU
	EndGlobalSection
	GlobalSection(ProjectConfigurationPlatforms) = postSolution
		{498F3B46-4714-41DF-9E2F-FE3DFD72BD15}.Debug|Any CPU.ActiveCfg = Debug|Any CPU
		{498F3B46-4714-41DF-9E2F-FE3DFD72BD15}.Debug|Any CPU.Build.0 = Debug|Any CPU
		{498F3B46-4714-41DF-9E2F-FE3DFD72BD15}.Release|Any CPU.ActiveCfg = Release|Any CPU
		{498F3B46-4714-41DF-9E2F-FE3DFD72BD15}.Release|Any CPU.Build.0 = Release|Any CPU
	EndGlobalSection
	GlobalSection(SolutionProperties) = preSolution
		HideSolutionNode = FALSE
	EndGlobalSection
	GlobalSection(ExtensibilityGlobals) = postSolution
		SolutionGuid = {37A8DB5E-CEF6-4CFD-8C86-4862965B7D9C}
	EndGlobalSection
EndGlobal
