
Microsoft Visual Studio Solution File, Format Version 12.00
# Visual Studio Version 16
VisualStudioVersion = 16.0.29519.87
MinimumVisualStudioVersion = 10.0.40219.1
Project("{FAE04EC0-301F-11D3-BF4B-00C04F79EFBC}") = "01. Prototype", "01. Prototype\01. Prototype.csproj", "{C5A6E00A-21CD-44DD-86CA-33FDCAB38C3F}"
EndProject
Project("{FAE04EC0-301F-11D3-BF4B-00C04F79EFBC}") = "02. Composite", "02. Composite\02. Composite.csproj", "{709C492F-0DD4-4229-AC21-1989431DD8EB}"
EndProject
Project("{FAE04EC0-301F-11D3-BF4B-00C04F79EFBC}") = "03. TemplatePattern", "03. TemplatePattern\03. TemplatePattern.csproj", "{13138FEB-F500-41AF-995B-D21B176822D9}"
EndProject
Global
	GlobalSection(SolutionConfigurationPlatforms) = preSolution
		Debug|Any CPU = Debug|Any CPU
		Release|Any CPU = Release|Any CPU
	EndGlobalSection
	GlobalSection(ProjectConfigurationPlatforms) = postSolution
		{C5A6E00A-21CD-44DD-86CA-33FDCAB38C3F}.Debug|Any CPU.ActiveCfg = Debug|Any CPU
		{C5A6E00A-21CD-44DD-86CA-33FDCAB38C3F}.Debug|Any CPU.Build.0 = Debug|Any CPU
		{C5A6E00A-21CD-44DD-86CA-33FDCAB38C3F}.Release|Any CPU.ActiveCfg = Release|Any CPU
		{C5A6E00A-21CD-44DD-86CA-33FDCAB38C3F}.Release|Any CPU.Build.0 = Release|Any CPU
		{709C492F-0DD4-4229-AC21-1989431DD8EB}.Debug|Any CPU.ActiveCfg = Debug|Any CPU
		{709C492F-0DD4-4229-AC21-1989431DD8EB}.Debug|Any CPU.Build.0 = Debug|Any CPU
		{709C492F-0DD4-4229-AC21-1989431DD8EB}.Release|Any CPU.ActiveCfg = Release|Any CPU
		{709C492F-0DD4-4229-AC21-1989431DD8EB}.Release|Any CPU.Build.0 = Release|Any CPU
		{13138FEB-F500-41AF-995B-D21B176822D9}.Debug|Any CPU.ActiveCfg = Debug|Any CPU
		{13138FEB-F500-41AF-995B-D21B176822D9}.Debug|Any CPU.Build.0 = Debug|Any CPU
		{13138FEB-F500-41AF-995B-D21B176822D9}.Release|Any CPU.ActiveCfg = Release|Any CPU
		{13138FEB-F500-41AF-995B-D21B176822D9}.Release|Any CPU.Build.0 = Release|Any CPU
	EndGlobalSection
	GlobalSection(SolutionProperties) = preSolution
		HideSolutionNode = FALSE
	EndGlobalSection
	GlobalSection(ExtensibilityGlobals) = postSolution
		SolutionGuid = {91893AB7-AF38-4AF2-B0CE-80A6553B2498}
	EndGlobalSection
EndGlobal
