
Microsoft Visual Studio Solution File, Format Version 12.00
# Visual Studio Version 16
VisualStudioVersion = 16.0.29411.108
MinimumVisualStudioVersion = 10.0.40219.1
Project("{9A19103F-16F7-4668-BE54-9A1E7A4F7556}") = "01. InitialSetup", "01. InitialSetup\01. InitialSetup.csproj", "{E802EF4A-7BA7-4A4A-B1DC-CB59E4623472}"
EndProject
Project("{9A19103F-16F7-4668-BE54-9A1E7A4F7556}") = "02. VillainNames", "02. VillainNames\02. VillainNames.csproj", "{D3D4E994-8200-4769-9CD8-F88692276EE8}"
EndProject
Project("{9A19103F-16F7-4668-BE54-9A1E7A4F7556}") = "03. MinionNames", "03. MinionNames\03. MinionNames.csproj", "{3E1500BF-494F-4EA5-8462-5A776D727498}"
EndProject
Project("{9A19103F-16F7-4668-BE54-9A1E7A4F7556}") = "04. AddMinion", "04. AddMinion\04. AddMinion.csproj", "{95BC2062-2E1A-453F-A478-D4E0089F92C3}"
EndProject
Project("{9A19103F-16F7-4668-BE54-9A1E7A4F7556}") = "05. ChangeTownNamesCasing", "05. ChangeTownNamesCasing\05. ChangeTownNamesCasing.csproj", "{E632A41D-297F-422F-8D4F-EA375395FF6D}"
EndProject
Project("{FAE04EC0-301F-11D3-BF4B-00C04F79EFBC}") = "06. RemoveVillain", "06. RemoveVillain\06. RemoveVillain.csproj", "{107E1B93-45A5-42D8-834E-7021BAB1E6E8}"
EndProject
Project("{FAE04EC0-301F-11D3-BF4B-00C04F79EFBC}") = "07. PrintAllMinionNames", "07. PrintAllMinionNames\07. PrintAllMinionNames.csproj", "{985FA757-7F59-4D0E-BE2F-ACAB1894DDCC}"
EndProject
Project("{FAE04EC0-301F-11D3-BF4B-00C04F79EFBC}") = "08. IncreaseMinionAge", "08. IncreaseMinionAge\08. IncreaseMinionAge.csproj", "{CBF289D6-5DA6-431A-B106-C85B135941B3}"
EndProject
Project("{FAE04EC0-301F-11D3-BF4B-00C04F79EFBC}") = "09. IncreaseAgeStoredProcedure", "09. IncreaseAgeStoredProcedure\09. IncreaseAgeStoredProcedure.csproj", "{BEAB9DDC-29A1-4589-94B0-D1309B4BC1E8}"
EndProject
Global
	GlobalSection(SolutionConfigurationPlatforms) = preSolution
		Debug|Any CPU = Debug|Any CPU
		Release|Any CPU = Release|Any CPU
	EndGlobalSection
	GlobalSection(ProjectConfigurationPlatforms) = postSolution
		{E802EF4A-7BA7-4A4A-B1DC-CB59E4623472}.Debug|Any CPU.ActiveCfg = Debug|Any CPU
		{E802EF4A-7BA7-4A4A-B1DC-CB59E4623472}.Debug|Any CPU.Build.0 = Debug|Any CPU
		{E802EF4A-7BA7-4A4A-B1DC-CB59E4623472}.Release|Any CPU.ActiveCfg = Release|Any CPU
		{E802EF4A-7BA7-4A4A-B1DC-CB59E4623472}.Release|Any CPU.Build.0 = Release|Any CPU
		{D3D4E994-8200-4769-9CD8-F88692276EE8}.Debug|Any CPU.ActiveCfg = Debug|Any CPU
		{D3D4E994-8200-4769-9CD8-F88692276EE8}.Debug|Any CPU.Build.0 = Debug|Any CPU
		{D3D4E994-8200-4769-9CD8-F88692276EE8}.Release|Any CPU.ActiveCfg = Release|Any CPU
		{D3D4E994-8200-4769-9CD8-F88692276EE8}.Release|Any CPU.Build.0 = Release|Any CPU
		{3E1500BF-494F-4EA5-8462-5A776D727498}.Debug|Any CPU.ActiveCfg = Debug|Any CPU
		{3E1500BF-494F-4EA5-8462-5A776D727498}.Debug|Any CPU.Build.0 = Debug|Any CPU
		{3E1500BF-494F-4EA5-8462-5A776D727498}.Release|Any CPU.ActiveCfg = Release|Any CPU
		{3E1500BF-494F-4EA5-8462-5A776D727498}.Release|Any CPU.Build.0 = Release|Any CPU
		{95BC2062-2E1A-453F-A478-D4E0089F92C3}.Debug|Any CPU.ActiveCfg = Debug|Any CPU
		{95BC2062-2E1A-453F-A478-D4E0089F92C3}.Debug|Any CPU.Build.0 = Debug|Any CPU
		{95BC2062-2E1A-453F-A478-D4E0089F92C3}.Release|Any CPU.ActiveCfg = Release|Any CPU
		{95BC2062-2E1A-453F-A478-D4E0089F92C3}.Release|Any CPU.Build.0 = Release|Any CPU
		{E632A41D-297F-422F-8D4F-EA375395FF6D}.Debug|Any CPU.ActiveCfg = Debug|Any CPU
		{E632A41D-297F-422F-8D4F-EA375395FF6D}.Debug|Any CPU.Build.0 = Debug|Any CPU
		{E632A41D-297F-422F-8D4F-EA375395FF6D}.Release|Any CPU.ActiveCfg = Release|Any CPU
		{E632A41D-297F-422F-8D4F-EA375395FF6D}.Release|Any CPU.Build.0 = Release|Any CPU
		{107E1B93-45A5-42D8-834E-7021BAB1E6E8}.Debug|Any CPU.ActiveCfg = Debug|Any CPU
		{107E1B93-45A5-42D8-834E-7021BAB1E6E8}.Debug|Any CPU.Build.0 = Debug|Any CPU
		{107E1B93-45A5-42D8-834E-7021BAB1E6E8}.Release|Any CPU.ActiveCfg = Release|Any CPU
		{107E1B93-45A5-42D8-834E-7021BAB1E6E8}.Release|Any CPU.Build.0 = Release|Any CPU
		{985FA757-7F59-4D0E-BE2F-ACAB1894DDCC}.Debug|Any CPU.ActiveCfg = Debug|Any CPU
		{985FA757-7F59-4D0E-BE2F-ACAB1894DDCC}.Debug|Any CPU.Build.0 = Debug|Any CPU
		{985FA757-7F59-4D0E-BE2F-ACAB1894DDCC}.Release|Any CPU.ActiveCfg = Release|Any CPU
		{985FA757-7F59-4D0E-BE2F-ACAB1894DDCC}.Release|Any CPU.Build.0 = Release|Any CPU
		{CBF289D6-5DA6-431A-B106-C85B135941B3}.Debug|Any CPU.ActiveCfg = Debug|Any CPU
		{CBF289D6-5DA6-431A-B106-C85B135941B3}.Debug|Any CPU.Build.0 = Debug|Any CPU
		{CBF289D6-5DA6-431A-B106-C85B135941B3}.Release|Any CPU.ActiveCfg = Release|Any CPU
		{CBF289D6-5DA6-431A-B106-C85B135941B3}.Release|Any CPU.Build.0 = Release|Any CPU
		{BEAB9DDC-29A1-4589-94B0-D1309B4BC1E8}.Debug|Any CPU.ActiveCfg = Debug|Any CPU
		{BEAB9DDC-29A1-4589-94B0-D1309B4BC1E8}.Debug|Any CPU.Build.0 = Debug|Any CPU
		{BEAB9DDC-29A1-4589-94B0-D1309B4BC1E8}.Release|Any CPU.ActiveCfg = Release|Any CPU
		{BEAB9DDC-29A1-4589-94B0-D1309B4BC1E8}.Release|Any CPU.Build.0 = Release|Any CPU
	EndGlobalSection
	GlobalSection(SolutionProperties) = preSolution
		HideSolutionNode = FALSE
	EndGlobalSection
	GlobalSection(ExtensibilityGlobals) = postSolution
		SolutionGuid = {9BA9F23F-D240-4E08-AE7D-977B437CF1FA}
	EndGlobalSection
EndGlobal
