
Microsoft Visual Studio Solution File, Format Version 12.00
# Visual Studio Version 16
VisualStudioVersion = 16.0.29009.5
MinimumVisualStudioVersion = 10.0.40219.1
Project("{FAE04EC0-301F-11D3-BF4B-00C04F79EFBC}") = "HealthyHeaven", "HealthyHeaven\HealthyHeaven.csproj", "{1A7D3DD9-54DD-47F6-8F5F-3B5B9E8F83F7}"
EndProject
Project("{FAE04EC0-301F-11D3-BF4B-00C04F79EFBC}") = "02. MakeSalad", "02. MakeSalad\02. MakeSalad.csproj", "{884FFFCE-AE52-4CF9-822F-37F4AF225EBF}"
EndProject
Project("{FAE04EC0-301F-11D3-BF4B-00C04F79EFBC}") = "01. TheGarden", "01. TheGarden\01. TheGarden.csproj", "{3BC435D2-7224-483F-9907-56191EC5124A}"
EndProject
Global
	GlobalSection(SolutionConfigurationPlatforms) = preSolution
		Debug|Any CPU = Debug|Any CPU
		Release|Any CPU = Release|Any CPU
	EndGlobalSection
	GlobalSection(ProjectConfigurationPlatforms) = postSolution
		{1A7D3DD9-54DD-47F6-8F5F-3B5B9E8F83F7}.Debug|Any CPU.ActiveCfg = Debug|Any CPU
		{1A7D3DD9-54DD-47F6-8F5F-3B5B9E8F83F7}.Debug|Any CPU.Build.0 = Debug|Any CPU
		{1A7D3DD9-54DD-47F6-8F5F-3B5B9E8F83F7}.Release|Any CPU.ActiveCfg = Release|Any CPU
		{1A7D3DD9-54DD-47F6-8F5F-3B5B9E8F83F7}.Release|Any CPU.Build.0 = Release|Any CPU
		{884FFFCE-AE52-4CF9-822F-37F4AF225EBF}.Debug|Any CPU.ActiveCfg = Debug|Any CPU
		{884FFFCE-AE52-4CF9-822F-37F4AF225EBF}.Debug|Any CPU.Build.0 = Debug|Any CPU
		{884FFFCE-AE52-4CF9-822F-37F4AF225EBF}.Release|Any CPU.ActiveCfg = Release|Any CPU
		{884FFFCE-AE52-4CF9-822F-37F4AF225EBF}.Release|Any CPU.Build.0 = Release|Any CPU
		{3BC435D2-7224-483F-9907-56191EC5124A}.Debug|Any CPU.ActiveCfg = Debug|Any CPU
		{3BC435D2-7224-483F-9907-56191EC5124A}.Debug|Any CPU.Build.0 = Debug|Any CPU
		{3BC435D2-7224-483F-9907-56191EC5124A}.Release|Any CPU.ActiveCfg = Release|Any CPU
		{3BC435D2-7224-483F-9907-56191EC5124A}.Release|Any CPU.Build.0 = Release|Any CPU
	EndGlobalSection
	GlobalSection(SolutionProperties) = preSolution
		HideSolutionNode = FALSE
	EndGlobalSection
	GlobalSection(ExtensibilityGlobals) = postSolution
		SolutionGuid = {FA70422E-2F6E-4797-B094-FBB18D7B6B37}
	EndGlobalSection
EndGlobal
