
Microsoft Visual Studio Solution File, Format Version 12.00
# Visual Studio Version 16
VisualStudioVersion = 16.0.28803.452
MinimumVisualStudioVersion = 10.0.40219.1
Project("{FAE04EC0-301F-11D3-BF4B-00C04F79EFBC}") = "01. SortEvenNumbers", "01. SortEvenNumbers\01. SortEvenNumbers.csproj", "{EF1F4931-2312-4DAF-AAB0-6430D98856CC}"
EndProject
Project("{FAE04EC0-301F-11D3-BF4B-00C04F79EFBC}") = "02. SumNumbers", "02. SumNumbers\02. SumNumbers.csproj", "{75AC3340-6500-43FC-8BED-D527CFCA6575}"
EndProject
Project("{FAE04EC0-301F-11D3-BF4B-00C04F79EFBC}") = "03. CountUppercaseWords", "03. CountUppercaseWords\03. CountUppercaseWords.csproj", "{88EADD5D-2089-45D7-A140-7CD636339058}"
EndProject
Project("{FAE04EC0-301F-11D3-BF4B-00C04F79EFBC}") = "04. AddVAT", "04. AddVAT\04. AddVAT.csproj", "{417AEFEB-1690-4A6C-B828-CA7EC0CD88AF}"
EndProject
Project("{FAE04EC0-301F-11D3-BF4B-00C04F79EFBC}") = "05. FilterByAge", "05. FilterByAge\05. FilterByAge.csproj", "{CCC48D33-A037-4F17-A038-C2FB88E76A66}"
EndProject
Global
	GlobalSection(SolutionConfigurationPlatforms) = preSolution
		Debug|Any CPU = Debug|Any CPU
		Release|Any CPU = Release|Any CPU
	EndGlobalSection
	GlobalSection(ProjectConfigurationPlatforms) = postSolution
		{EF1F4931-2312-4DAF-AAB0-6430D98856CC}.Debug|Any CPU.ActiveCfg = Debug|Any CPU
		{EF1F4931-2312-4DAF-AAB0-6430D98856CC}.Debug|Any CPU.Build.0 = Debug|Any CPU
		{EF1F4931-2312-4DAF-AAB0-6430D98856CC}.Release|Any CPU.ActiveCfg = Release|Any CPU
		{EF1F4931-2312-4DAF-AAB0-6430D98856CC}.Release|Any CPU.Build.0 = Release|Any CPU
		{75AC3340-6500-43FC-8BED-D527CFCA6575}.Debug|Any CPU.ActiveCfg = Debug|Any CPU
		{75AC3340-6500-43FC-8BED-D527CFCA6575}.Debug|Any CPU.Build.0 = Debug|Any CPU
		{75AC3340-6500-43FC-8BED-D527CFCA6575}.Release|Any CPU.ActiveCfg = Release|Any CPU
		{75AC3340-6500-43FC-8BED-D527CFCA6575}.Release|Any CPU.Build.0 = Release|Any CPU
		{88EADD5D-2089-45D7-A140-7CD636339058}.Debug|Any CPU.ActiveCfg = Debug|Any CPU
		{88EADD5D-2089-45D7-A140-7CD636339058}.Debug|Any CPU.Build.0 = Debug|Any CPU
		{88EADD5D-2089-45D7-A140-7CD636339058}.Release|Any CPU.ActiveCfg = Release|Any CPU
		{88EADD5D-2089-45D7-A140-7CD636339058}.Release|Any CPU.Build.0 = Release|Any CPU
		{417AEFEB-1690-4A6C-B828-CA7EC0CD88AF}.Debug|Any CPU.ActiveCfg = Debug|Any CPU
		{417AEFEB-1690-4A6C-B828-CA7EC0CD88AF}.Debug|Any CPU.Build.0 = Debug|Any CPU
		{417AEFEB-1690-4A6C-B828-CA7EC0CD88AF}.Release|Any CPU.ActiveCfg = Release|Any CPU
		{417AEFEB-1690-4A6C-B828-CA7EC0CD88AF}.Release|Any CPU.Build.0 = Release|Any CPU
		{CCC48D33-A037-4F17-A038-C2FB88E76A66}.Debug|Any CPU.ActiveCfg = Debug|Any CPU
		{CCC48D33-A037-4F17-A038-C2FB88E76A66}.Debug|Any CPU.Build.0 = Debug|Any CPU
		{CCC48D33-A037-4F17-A038-C2FB88E76A66}.Release|Any CPU.ActiveCfg = Release|Any CPU
		{CCC48D33-A037-4F17-A038-C2FB88E76A66}.Release|Any CPU.Build.0 = Release|Any CPU
	EndGlobalSection
	GlobalSection(SolutionProperties) = preSolution
		HideSolutionNode = FALSE
	EndGlobalSection
	GlobalSection(ExtensibilityGlobals) = postSolution
		SolutionGuid = {19F40566-6DDE-424E-8EF2-C764B7548514}
	EndGlobalSection
EndGlobal
