
Microsoft Visual Studio Solution File, Format Version 12.00
# Visual Studio Version 16
VisualStudioVersion = 16.0.28803.352
MinimumVisualStudioVersion = 10.0.40219.1
Project("{FAE04EC0-301F-11D3-BF4B-00C04F79EFBC}") = "01. ReverseStrings", "01. ReverseStrings\01. ReverseStrings.csproj", "{71C312A9-3A08-4121-A566-02EBD0D2E422}"
EndProject
Project("{FAE04EC0-301F-11D3-BF4B-00C04F79EFBC}") = "02. StackSum", "02. StackSum\02. StackSum.csproj", "{09F80049-B123-42A1-9D2B-A0949E6E7583}"
EndProject
Project("{FAE04EC0-301F-11D3-BF4B-00C04F79EFBC}") = "03. SimpleCalculator", "03. SimpleCalculator\03. SimpleCalculator.csproj", "{27FF396B-62C1-4E73-AC15-F32343D4DEFC}"
EndProject
Global
	GlobalSection(SolutionConfigurationPlatforms) = preSolution
		Debug|Any CPU = Debug|Any CPU
		Release|Any CPU = Release|Any CPU
	EndGlobalSection
	GlobalSection(ProjectConfigurationPlatforms) = postSolution
		{71C312A9-3A08-4121-A566-02EBD0D2E422}.Debug|Any CPU.ActiveCfg = Debug|Any CPU
		{71C312A9-3A08-4121-A566-02EBD0D2E422}.Debug|Any CPU.Build.0 = Debug|Any CPU
		{71C312A9-3A08-4121-A566-02EBD0D2E422}.Release|Any CPU.ActiveCfg = Release|Any CPU
		{71C312A9-3A08-4121-A566-02EBD0D2E422}.Release|Any CPU.Build.0 = Release|Any CPU
		{09F80049-B123-42A1-9D2B-A0949E6E7583}.Debug|Any CPU.ActiveCfg = Debug|Any CPU
		{09F80049-B123-42A1-9D2B-A0949E6E7583}.Debug|Any CPU.Build.0 = Debug|Any CPU
		{09F80049-B123-42A1-9D2B-A0949E6E7583}.Release|Any CPU.ActiveCfg = Release|Any CPU
		{09F80049-B123-42A1-9D2B-A0949E6E7583}.Release|Any CPU.Build.0 = Release|Any CPU
		{27FF396B-62C1-4E73-AC15-F32343D4DEFC}.Debug|Any CPU.ActiveCfg = Debug|Any CPU
		{27FF396B-62C1-4E73-AC15-F32343D4DEFC}.Debug|Any CPU.Build.0 = Debug|Any CPU
		{27FF396B-62C1-4E73-AC15-F32343D4DEFC}.Release|Any CPU.ActiveCfg = Release|Any CPU
		{27FF396B-62C1-4E73-AC15-F32343D4DEFC}.Release|Any CPU.Build.0 = Release|Any CPU
	EndGlobalSection
	GlobalSection(SolutionProperties) = preSolution
		HideSolutionNode = FALSE
	EndGlobalSection
	GlobalSection(ExtensibilityGlobals) = postSolution
		SolutionGuid = {79E180E6-23F4-4B23-A3FE-9C2B234C4064}
	EndGlobalSection
EndGlobal
