
Microsoft Visual Studio Solution File, Format Version 12.00
# Visual Studio Version 16
VisualStudioVersion = 16.0.29009.5
MinimumVisualStudioVersion = 10.0.40219.1
Project("{FAE04EC0-301F-11D3-BF4B-00C04F79EFBC}") = "Heroes", "Heroes\Heroes.csproj", "{95237A85-534D-491B-AC3D-636D2BC24202}"
EndProject
Project("{FAE04EC0-301F-11D3-BF4B-00C04F79EFBC}") = "01. ClubParty", "01. ClubParty\01. ClubParty.csproj", "{42134508-8D55-4055-B8D0-34EF4913AAEF}"
EndProject
Project("{FAE04EC0-301F-11D3-BF4B-00C04F79EFBC}") = "02. TronRacers", "02. TronRacers\02. TronRacers.csproj", "{00CC98FA-9F16-4BA2-A17F-6795C777517A}"
EndProject
Global
	GlobalSection(SolutionConfigurationPlatforms) = preSolution
		Debug|Any CPU = Debug|Any CPU
		Release|Any CPU = Release|Any CPU
	EndGlobalSection
	GlobalSection(ProjectConfigurationPlatforms) = postSolution
		{95237A85-534D-491B-AC3D-636D2BC24202}.Debug|Any CPU.ActiveCfg = Debug|Any CPU
		{95237A85-534D-491B-AC3D-636D2BC24202}.Debug|Any CPU.Build.0 = Debug|Any CPU
		{95237A85-534D-491B-AC3D-636D2BC24202}.Release|Any CPU.ActiveCfg = Release|Any CPU
		{95237A85-534D-491B-AC3D-636D2BC24202}.Release|Any CPU.Build.0 = Release|Any CPU
		{42134508-8D55-4055-B8D0-34EF4913AAEF}.Debug|Any CPU.ActiveCfg = Debug|Any CPU
		{42134508-8D55-4055-B8D0-34EF4913AAEF}.Debug|Any CPU.Build.0 = Debug|Any CPU
		{42134508-8D55-4055-B8D0-34EF4913AAEF}.Release|Any CPU.ActiveCfg = Release|Any CPU
		{42134508-8D55-4055-B8D0-34EF4913AAEF}.Release|Any CPU.Build.0 = Release|Any CPU
		{00CC98FA-9F16-4BA2-A17F-6795C777517A}.Debug|Any CPU.ActiveCfg = Debug|Any CPU
		{00CC98FA-9F16-4BA2-A17F-6795C777517A}.Debug|Any CPU.Build.0 = Debug|Any CPU
		{00CC98FA-9F16-4BA2-A17F-6795C777517A}.Release|Any CPU.ActiveCfg = Release|Any CPU
		{00CC98FA-9F16-4BA2-A17F-6795C777517A}.Release|Any CPU.Build.0 = Release|Any CPU
	EndGlobalSection
	GlobalSection(SolutionProperties) = preSolution
		HideSolutionNode = FALSE
	EndGlobalSection
	GlobalSection(ExtensibilityGlobals) = postSolution
		SolutionGuid = {D89ADC40-30F4-4CEE-AB83-F5B433A6160F}
	EndGlobalSection
EndGlobal
