
Microsoft Visual Studio Solution File, Format Version 12.00
# Visual Studio Version 16
VisualStudioVersion = 16.0.29009.5
MinimumVisualStudioVersion = 10.0.40219.1
Project("{FAE04EC0-301F-11D3-BF4B-00C04F79EFBC}") = "01. ClubParty", "01. ClubParty\01. ClubParty.csproj", "{056A1266-4126-42B6-906D-AA40E7F6D3E9}"
EndProject
Project("{FAE04EC0-301F-11D3-BF4B-00C04F79EFBC}") = "02. TronRacers", "02. TronRacers\02. TronRacers.csproj", "{9F3EDFB6-F106-48E6-BF2A-9794FE016EE5}"
EndProject
Project("{FAE04EC0-301F-11D3-BF4B-00C04F79EFBC}") = "Heroes", "Heroes\Heroes.csproj", "{DCC7E3DF-FD41-4B9D-9789-30B75896BF33}"
EndProject
Global
	GlobalSection(SolutionConfigurationPlatforms) = preSolution
		Debug|Any CPU = Debug|Any CPU
		Release|Any CPU = Release|Any CPU
	EndGlobalSection
	GlobalSection(ProjectConfigurationPlatforms) = postSolution
		{056A1266-4126-42B6-906D-AA40E7F6D3E9}.Debug|Any CPU.ActiveCfg = Debug|Any CPU
		{056A1266-4126-42B6-906D-AA40E7F6D3E9}.Debug|Any CPU.Build.0 = Debug|Any CPU
		{056A1266-4126-42B6-906D-AA40E7F6D3E9}.Release|Any CPU.ActiveCfg = Release|Any CPU
		{056A1266-4126-42B6-906D-AA40E7F6D3E9}.Release|Any CPU.Build.0 = Release|Any CPU
		{9F3EDFB6-F106-48E6-BF2A-9794FE016EE5}.Debug|Any CPU.ActiveCfg = Debug|Any CPU
		{9F3EDFB6-F106-48E6-BF2A-9794FE016EE5}.Debug|Any CPU.Build.0 = Debug|Any CPU
		{9F3EDFB6-F106-48E6-BF2A-9794FE016EE5}.Release|Any CPU.ActiveCfg = Release|Any CPU
		{9F3EDFB6-F106-48E6-BF2A-9794FE016EE5}.Release|Any CPU.Build.0 = Release|Any CPU
		{DCC7E3DF-FD41-4B9D-9789-30B75896BF33}.Debug|Any CPU.ActiveCfg = Debug|Any CPU
		{DCC7E3DF-FD41-4B9D-9789-30B75896BF33}.Debug|Any CPU.Build.0 = Debug|Any CPU
		{DCC7E3DF-FD41-4B9D-9789-30B75896BF33}.Release|Any CPU.ActiveCfg = Release|Any CPU
		{DCC7E3DF-FD41-4B9D-9789-30B75896BF33}.Release|Any CPU.Build.0 = Release|Any CPU
	EndGlobalSection
	GlobalSection(SolutionProperties) = preSolution
		HideSolutionNode = FALSE
	EndGlobalSection
	GlobalSection(ExtensibilityGlobals) = postSolution
		SolutionGuid = {31C1930F-FEE8-422C-AE3A-106B18945C88}
	EndGlobalSection
EndGlobal
