
Microsoft Visual Studio Solution File, Format Version 12.00
# Visual Studio Version 16
VisualStudioVersion = 16.0.29102.190
MinimumVisualStudioVersion = 10.0.40219.1
Project("{9A19103F-16F7-4668-BE54-9A1E7A4F7556}") = "Stealer", "Stealer\Stealer.csproj", "{E2FCA2BA-8B3A-4CE5-81AA-35D7E976D751}"
EndProject
Project("{9A19103F-16F7-4668-BE54-9A1E7A4F7556}") = "HighQualityMistakes", "HighQualityMistakes\HighQualityMistakes.csproj", "{14B7CF26-B688-4CD3-9EAA-5147AC7CD153}"
EndProject
Project("{9A19103F-16F7-4668-BE54-9A1E7A4F7556}") = "MissionPrivateImpossible", "MissionPrivateImpossible\MissionPrivateImpossible.csproj", "{31E4A3EF-7F42-465C-943F-F8A1961BD70F}"
EndProject
Project("{FAE04EC0-301F-11D3-BF4B-00C04F79EFBC}") = "Collector", "Collector\Collector.csproj", "{24E28CAB-898C-41E3-A8A3-2506481732A8}"
EndProject
Project("{FAE04EC0-301F-11D3-BF4B-00C04F79EFBC}") = "CreateAttribute", "CreateAttribute\CreateAttribute.csproj", "{3F634A25-EC9B-41E0-A400-F92FE843916B}"
EndProject
Project("{FAE04EC0-301F-11D3-BF4B-00C04F79EFBC}") = "CodingTracker", "CodingTracker\CodingTracker.csproj", "{5D821EEF-7201-4A89-9988-61AB6A858C3A}"
EndProject
Global
	GlobalSection(SolutionConfigurationPlatforms) = preSolution
		Debug|Any CPU = Debug|Any CPU
		Release|Any CPU = Release|Any CPU
	EndGlobalSection
	GlobalSection(ProjectConfigurationPlatforms) = postSolution
		{E2FCA2BA-8B3A-4CE5-81AA-35D7E976D751}.Debug|Any CPU.ActiveCfg = Debug|Any CPU
		{E2FCA2BA-8B3A-4CE5-81AA-35D7E976D751}.Debug|Any CPU.Build.0 = Debug|Any CPU
		{E2FCA2BA-8B3A-4CE5-81AA-35D7E976D751}.Release|Any CPU.ActiveCfg = Release|Any CPU
		{E2FCA2BA-8B3A-4CE5-81AA-35D7E976D751}.Release|Any CPU.Build.0 = Release|Any CPU
		{14B7CF26-B688-4CD3-9EAA-5147AC7CD153}.Debug|Any CPU.ActiveCfg = Debug|Any CPU
		{14B7CF26-B688-4CD3-9EAA-5147AC7CD153}.Debug|Any CPU.Build.0 = Debug|Any CPU
		{14B7CF26-B688-4CD3-9EAA-5147AC7CD153}.Release|Any CPU.ActiveCfg = Release|Any CPU
		{14B7CF26-B688-4CD3-9EAA-5147AC7CD153}.Release|Any CPU.Build.0 = Release|Any CPU
		{31E4A3EF-7F42-465C-943F-F8A1961BD70F}.Debug|Any CPU.ActiveCfg = Debug|Any CPU
		{31E4A3EF-7F42-465C-943F-F8A1961BD70F}.Debug|Any CPU.Build.0 = Debug|Any CPU
		{31E4A3EF-7F42-465C-943F-F8A1961BD70F}.Release|Any CPU.ActiveCfg = Release|Any CPU
		{31E4A3EF-7F42-465C-943F-F8A1961BD70F}.Release|Any CPU.Build.0 = Release|Any CPU
		{24E28CAB-898C-41E3-A8A3-2506481732A8}.Debug|Any CPU.ActiveCfg = Debug|Any CPU
		{24E28CAB-898C-41E3-A8A3-2506481732A8}.Debug|Any CPU.Build.0 = Debug|Any CPU
		{24E28CAB-898C-41E3-A8A3-2506481732A8}.Release|Any CPU.ActiveCfg = Release|Any CPU
		{24E28CAB-898C-41E3-A8A3-2506481732A8}.Release|Any CPU.Build.0 = Release|Any CPU
		{3F634A25-EC9B-41E0-A400-F92FE843916B}.Debug|Any CPU.ActiveCfg = Debug|Any CPU
		{3F634A25-EC9B-41E0-A400-F92FE843916B}.Debug|Any CPU.Build.0 = Debug|Any CPU
		{3F634A25-EC9B-41E0-A400-F92FE843916B}.Release|Any CPU.ActiveCfg = Release|Any CPU
		{3F634A25-EC9B-41E0-A400-F92FE843916B}.Release|Any CPU.Build.0 = Release|Any CPU
		{5D821EEF-7201-4A89-9988-61AB6A858C3A}.Debug|Any CPU.ActiveCfg = Debug|Any CPU
		{5D821EEF-7201-4A89-9988-61AB6A858C3A}.Debug|Any CPU.Build.0 = Debug|Any CPU
		{5D821EEF-7201-4A89-9988-61AB6A858C3A}.Release|Any CPU.ActiveCfg = Release|Any CPU
		{5D821EEF-7201-4A89-9988-61AB6A858C3A}.Release|Any CPU.Build.0 = Release|Any CPU
	EndGlobalSection
	GlobalSection(SolutionProperties) = preSolution
		HideSolutionNode = FALSE
	EndGlobalSection
	GlobalSection(ExtensibilityGlobals) = postSolution
		SolutionGuid = {8892F19F-FFDD-4CF6-8D6C-A2F18CFBAEC3}
	EndGlobalSection
EndGlobal
