
Microsoft Visual Studio Solution File, Format Version 12.00
# Visual Studio Version 16
VisualStudioVersion = 16.0.29009.5
MinimumVisualStudioVersion = 10.0.40219.1
Project("{FAE04EC0-301F-11D3-BF4B-00C04F79EFBC}") = "SpaceStationRecruitment", "SpaceStationRecruitment\SpaceStationRecruitment.csproj", "{843D791D-DBF5-4FAE-A43E-617EA5961A54}"
EndProject
Project("{FAE04EC0-301F-11D3-BF4B-00C04F79EFBC}") = "01. SpaceshipCrafting", "01. SpaceshipCrafting\01. SpaceshipCrafting.csproj", "{F374B2AB-3CE2-48B4-9032-0E160D33BDED}"
EndProject
Project("{FAE04EC0-301F-11D3-BF4B-00C04F79EFBC}") = "03. SpaceStationEstablishment", "03. SpaceStationEstablishment\03. SpaceStationEstablishment.csproj", "{578C15FE-379E-469E-B11F-FC3384402D68}"
EndProject
Global
	GlobalSection(SolutionConfigurationPlatforms) = preSolution
		Debug|Any CPU = Debug|Any CPU
		Release|Any CPU = Release|Any CPU
	EndGlobalSection
	GlobalSection(ProjectConfigurationPlatforms) = postSolution
		{843D791D-DBF5-4FAE-A43E-617EA5961A54}.Debug|Any CPU.ActiveCfg = Debug|Any CPU
		{843D791D-DBF5-4FAE-A43E-617EA5961A54}.Debug|Any CPU.Build.0 = Debug|Any CPU
		{843D791D-DBF5-4FAE-A43E-617EA5961A54}.Release|Any CPU.ActiveCfg = Release|Any CPU
		{843D791D-DBF5-4FAE-A43E-617EA5961A54}.Release|Any CPU.Build.0 = Release|Any CPU
		{F374B2AB-3CE2-48B4-9032-0E160D33BDED}.Debug|Any CPU.ActiveCfg = Debug|Any CPU
		{F374B2AB-3CE2-48B4-9032-0E160D33BDED}.Debug|Any CPU.Build.0 = Debug|Any CPU
		{F374B2AB-3CE2-48B4-9032-0E160D33BDED}.Release|Any CPU.ActiveCfg = Release|Any CPU
		{F374B2AB-3CE2-48B4-9032-0E160D33BDED}.Release|Any CPU.Build.0 = Release|Any CPU
		{578C15FE-379E-469E-B11F-FC3384402D68}.Debug|Any CPU.ActiveCfg = Debug|Any CPU
		{578C15FE-379E-469E-B11F-FC3384402D68}.Debug|Any CPU.Build.0 = Debug|Any CPU
		{578C15FE-379E-469E-B11F-FC3384402D68}.Release|Any CPU.ActiveCfg = Release|Any CPU
		{578C15FE-379E-469E-B11F-FC3384402D68}.Release|Any CPU.Build.0 = Release|Any CPU
	EndGlobalSection
	GlobalSection(SolutionProperties) = preSolution
		HideSolutionNode = FALSE
	EndGlobalSection
	GlobalSection(ExtensibilityGlobals) = postSolution
		SolutionGuid = {CE1B56A1-79BE-442B-B749-59FFB1E8452A}
	EndGlobalSection
EndGlobal
