
Microsoft Visual Studio Solution File, Format Version 12.00
# Visual Studio Version 16
VisualStudioVersion = 16.0.29102.190
MinimumVisualStudioVersion = 10.0.40219.1
Project("{FAE04EC0-301F-11D3-BF4B-00C04F79EFBC}") = "UnitTests", "UnitTests\UnitTests.csproj", "{F33DDEA3-AAB5-4525-B150-480F3B0A80C2}"
EndProject
Project("{FAE04EC0-301F-11D3-BF4B-00C04F79EFBC}") = "UnitTest.Tests", "UnitTest.Tests\UnitTest.Tests.csproj", "{FA95B5D9-6E40-4F7F-8D1D-CA78479C512B}"
EndProject
Global
	GlobalSection(SolutionConfigurationPlatforms) = preSolution
		Debug|Any CPU = Debug|Any CPU
		Release|Any CPU = Release|Any CPU
	EndGlobalSection
	GlobalSection(ProjectConfigurationPlatforms) = postSolution
		{F33DDEA3-AAB5-4525-B150-480F3B0A80C2}.Debug|Any CPU.ActiveCfg = Debug|Any CPU
		{F33DDEA3-AAB5-4525-B150-480F3B0A80C2}.Debug|Any CPU.Build.0 = Debug|Any CPU
		{F33DDEA3-AAB5-4525-B150-480F3B0A80C2}.Release|Any CPU.ActiveCfg = Release|Any CPU
		{F33DDEA3-AAB5-4525-B150-480F3B0A80C2}.Release|Any CPU.Build.0 = Release|Any CPU
		{FA95B5D9-6E40-4F7F-8D1D-CA78479C512B}.Debug|Any CPU.ActiveCfg = Debug|Any CPU
		{FA95B5D9-6E40-4F7F-8D1D-CA78479C512B}.Debug|Any CPU.Build.0 = Debug|Any CPU
		{FA95B5D9-6E40-4F7F-8D1D-CA78479C512B}.Release|Any CPU.ActiveCfg = Release|Any CPU
		{FA95B5D9-6E40-4F7F-8D1D-CA78479C512B}.Release|Any CPU.Build.0 = Release|Any CPU
	EndGlobalSection
	GlobalSection(SolutionProperties) = preSolution
		HideSolutionNode = FALSE
	EndGlobalSection
	GlobalSection(ExtensibilityGlobals) = postSolution
		SolutionGuid = {460887C3-A14C-407E-BA96-03BCF1EE3237}
	EndGlobalSection
EndGlobal
